
Microsoft Visual Studio Solution File, Format Version 12.00
# Visual Studio 2013
VisualStudioVersion = 12.0.30110.0
MinimumVisualStudioVersion = 10.0.40219.1
Project("{FAE04EC0-301F-11D3-BF4B-00C04F79EFBC}") = "TryingUnitTesting", "TryingUnitTesting\TryingUnitTesting.csproj", "{1773C6AF-7C4F-466D-BCF3-F871D745D7AC}"
EndProject
Project("{FAE04EC0-301F-11D3-BF4B-00C04F79EFBC}") = "UnitTestProject", "UnitTestProject\UnitTestProject.csproj", "{477BF874-D903-4588-91DC-5DD9491FFDB9}"
EndProject
Global
	GlobalSection(SolutionConfigurationPlatforms) = preSolution
		Debug|Any CPU = Debug|Any CPU
		Release|Any CPU = Release|Any CPU
	EndGlobalSection
	GlobalSection(ProjectConfigurationPlatforms) = postSolution
		{1773C6AF-7C4F-466D-BCF3-F871D745D7AC}.Debug|Any CPU.ActiveCfg = Debug|Any CPU
		{1773C6AF-7C4F-466D-BCF3-F871D745D7AC}.Debug|Any CPU.Build.0 = Debug|Any CPU
		{1773C6AF-7C4F-466D-BCF3-F871D745D7AC}.Release|Any CPU.ActiveCfg = Release|Any CPU
		{1773C6AF-7C4F-466D-BCF3-F871D745D7AC}.Release|Any CPU.Build.0 = Release|Any CPU
		{477BF874-D903-4588-91DC-5DD9491FFDB9}.Debug|Any CPU.ActiveCfg = Debug|Any CPU
		{477BF874-D903-4588-91DC-5DD9491FFDB9}.Debug|Any CPU.Build.0 = Debug|Any CPU
		{477BF874-D903-4588-91DC-5DD9491FFDB9}.Release|Any CPU.ActiveCfg = Release|Any CPU
		{477BF874-D903-4588-91DC-5DD9491FFDB9}.Release|Any CPU.Build.0 = Release|Any CPU
	EndGlobalSection
	GlobalSection(SolutionProperties) = preSolution
		HideSolutionNode = FALSE
	EndGlobalSection
EndGlobal
